// !$*UTF8*$!
{
	archiveVersion = 1;
	classes = {
	};
	objectVersion = 46;
	objects = {

/* Begin PBXBuildFile section */
		104667AA1AACFC36007FD48E /* AppDelegate.swift in Sources */ = {isa = PBXBuildFile; fileRef = 104667A91AACFC36007FD48E /* AppDelegate.swift */; };
		104667AC1AACFC36007FD48E /* ViewController.swift in Sources */ = {isa = PBXBuildFile; fileRef = 104667AB1AACFC36007FD48E /* ViewController.swift */; };
		104667AF1AACFC36007FD48E /* Main.storyboard in Resources */ = {isa = PBXBuildFile; fileRef = 104667AD1AACFC36007FD48E /* Main.storyboard */; };
		104667B11AACFC36007FD48E /* Images.xcassets in Resources */ = {isa = PBXBuildFile; fileRef = 104667B01AACFC36007FD48E /* Images.xcassets */; };
		104667B41AACFC36007FD48E /* LaunchScreen.xib in Resources */ = {isa = PBXBuildFile; fileRef = 104667B21AACFC36007FD48E /* LaunchScreen.xib */; };
		104667C01AACFC36007FD48E /* Click_counterTests.swift in Sources */ = {isa = PBXBuildFile; fileRef = 104667BF1AACFC36007FD48E /* Click_counterTests.swift */; };
/* End PBXBuildFile section */

/* Begin PBXContainerItemProxy section */
		104667BA1AACFC36007FD48E /* PBXContainerItemProxy */ = {
			isa = PBXContainerItemProxy;
			containerPortal = 1046679C1AACFC36007FD48E /* Project object */;
			proxyType = 1;
			remoteGlobalIDString = 104667A31AACFC36007FD48E;
			remoteInfo = "Click counter";
		};
/* End PBXContainerItemProxy section */

/* Begin PBXFileReference section */
		104667A41AACFC36007FD48E /* Click counter.app */ = {isa = PBXFileReference; explicitFileType = wrapper.application; includeInIndex = 0; path = "Click counter.app"; sourceTree = BUILT_PRODUCTS_DIR; };
		104667A81AACFC36007FD48E /* Info.plist */ = {isa = PBXFileReference; lastKnownFileType = text.plist.xml; path = Info.plist; sourceTree = "<group>"; };
		104667A91AACFC36007FD48E /* AppDelegate.swift */ = {isa = PBXFileReference; lastKnownFileType = sourcecode.swift; path = AppDelegate.swift; sourceTree = "<group>"; };
		104667AB1AACFC36007FD48E /* ViewController.swift */ = {isa = PBXFileReference; lastKnownFileType = sourcecode.swift; path = ViewController.swift; sourceTree = "<group>"; };
		104667AE1AACFC36007FD48E /* Base */ = {isa = PBXFileReference; lastKnownFileType = file.storyboard; name = Base; path = Base.lproj/Main.storyboard; sourceTree = "<group>"; };
		104667B01AACFC36007FD48E /* Images.xcassets */ = {isa = PBXFileReference; lastKnownFileType = folder.assetcatalog; path = Images.xcassets; sourceTree = "<group>"; };
		104667B31AACFC36007FD48E /* Base */ = {isa = PBXFileReference; lastKnownFileType = file.xib; name = Base; path = Base.lproj/LaunchScreen.xib; sourceTree = "<group>"; };
		104667B91AACFC36007FD48E /* Click counterTests.xctest */ = {isa = PBXFileReference; explicitFileType = wrapper.cfbundle; includeInIndex = 0; path = "Click counterTests.xctest"; sourceTree = BUILT_PRODUCTS_DIR; };
		104667BE1AACFC36007FD48E /* Info.plist */ = {isa = PBXFileReference; lastKnownFileType = text.plist.xml; path = Info.plist; sourceTree = "<group>"; };
		104667BF1AACFC36007FD48E /* Click_counterTests.swift */ = {isa = PBXFileReference; lastKnownFileType = sourcecode.swift; path = Click_counterTests.swift; sourceTree = "<group>"; };
/* End PBXFileReference section */

/* Begin PBXFrameworksBuildPhase section */
		104667A11AACFC36007FD48E /* Frameworks */ = {
			isa = PBXFrameworksBuildPhase;
			buildActionMask = 2147483647;
			files = (
			);
			runOnlyForDeploymentPostprocessing = 0;
		};
		104667B61AACFC36007FD48E /* Frameworks */ = {
			isa = PBXFrameworksBuildPhase;
			buildActionMask = 2147483647;
			files = (
			);
			runOnlyForDeploymentPostprocessing = 0;
		};
/* End PBXFrameworksBuildPhase section */

/* Begin PBXGroup section */
		1046679B1AACFC36007FD48E = {
			isa = PBXGroup;
			children = (
				104667A61AACFC36007FD48E /* Click counter */,
				104667BC1AACFC36007FD48E /* Click counterTests */,
				104667A51AACFC36007FD48E /* Products */,
			);
			sourceTree = "<group>";
		};
		104667A51AACFC36007FD48E /* Products */ = {
			isa = PBXGroup;
			children = (
				104667A41AACFC36007FD48E /* Click counter.app */,
				104667B91AACFC36007FD48E /* Click counterTests.xctest */,
			);
			name = Products;
			sourceTree = "<group>";
		};
		104667A61AACFC36007FD48E /* Click counter */ = {
			isa = PBXGroup;
			children = (
				104667A91AACFC36007FD48E /* AppDelegate.swift */,
				104667AB1AACFC36007FD48E /* ViewController.swift */,
				104667AD1AACFC36007FD48E /* Main.storyboard */,
				104667B01AACFC36007FD48E /* Images.xcassets */,
				104667B21AACFC36007FD48E /* LaunchScreen.xib */,
				104667A71AACFC36007FD48E /* Supporting Files */,
			);
			path = "Click counter";
			sourceTree = "<group>";
		};
		104667A71AACFC36007FD48E /* Supporting Files */ = {
			isa = PBXGroup;
			children = (
				104667A81AACFC36007FD48E /* Info.plist */,
			);
			name = "Supporting Files";
			sourceTree = "<group>";
		};
		104667BC1AACFC36007FD48E /* Click counterTests */ = {
			isa = PBXGroup;
			children = (
				104667BF1AACFC36007FD48E /* Click_counterTests.swift */,
				104667BD1AACFC36007FD48E /* Supporting Files */,
			);
			path = "Click counterTests";
			sourceTree = "<group>";
		};
		104667BD1AACFC36007FD48E /* Supporting Files */ = {
			isa = PBXGroup;
			children = (
				104667BE1AACFC36007FD48E /* Info.plist */,
			);
			name = "Supporting Files";
			sourceTree = "<group>";
		};
/* End PBXGroup section */

/* Begin PBXNativeTarget section */
		104667A31AACFC36007FD48E /* Click counter */ = {
			isa = PBXNativeTarget;
			buildConfigurationList = 104667C31AACFC36007FD48E /* Build configuration list for PBXNativeTarget "Click counter" */;
			buildPhases = (
				104667A01AACFC36007FD48E /* Sources */,
				104667A11AACFC36007FD48E /* Frameworks */,
				104667A21AACFC36007FD48E /* Resources */,
			);
			buildRules = (
			);
			dependencies = (
			);
			name = "Click counter";
			productName = "Click counter";
			productReference = 104667A41AACFC36007FD48E /* Click counter.app */;
			productType = "com.apple.product-type.application";
		};
		104667B81AACFC36007FD48E /* Click counterTests */ = {
			isa = PBXNativeTarget;
			buildConfigurationList = 104667C61AACFC36007FD48E /* Build configuration list for PBXNativeTarget "Click counterTests" */;
			buildPhases = (
				104667B51AACFC36007FD48E /* Sources */,
				104667B61AACFC36007FD48E /* Frameworks */,
				104667B71AACFC36007FD48E /* Resources */,
			);
			buildRules = (
			);
			dependencies = (
				104667BB1AACFC36007FD48E /* PBXTargetDependency */,
			);
			name = "Click counterTests";
			productName = "Click counterTests";
			productReference = 104667B91AACFC36007FD48E /* Click counterTests.xctest */;
			productType = "com.apple.product-type.bundle.unit-test";
		};
/* End PBXNativeTarget section */

/* Begin PBXProject section */
		1046679C1AACFC36007FD48E /* Project object */ = {
			isa = PBXProject;
			attributes = {
				LastUpgradeCheck = 0610;
				ORGANIZATIONNAME = "wasatch code";
				TargetAttributes = {
					104667A31AACFC36007FD48E = {
						CreatedOnToolsVersion = 6.1.1;
					};
					104667B81AACFC36007FD48E = {
						CreatedOnToolsVersion = 6.1.1;
						TestTargetID = 104667A31AACFC36007FD48E;
					};
				};
			};
			buildConfigurationList = 1046679F1AACFC36007FD48E /* Build configuration list for PBXProject "Click counter" */;
			compatibilityVersion = "Xcode 3.2";
			developmentRegion = English;
			hasScannedForEncodings = 0;
			knownRegions = (
				en,
				Base,
			);
			mainGroup = 1046679B1AACFC36007FD48E;
			productRefGroup = 104667A51AACFC36007FD48E /* Products */;
			projectDirPath = "";
			projectRoot = "";
			targets = (
				104667A31AACFC36007FD48E /* Click counter */,
				104667B81AACFC36007FD48E /* Click counterTests */,
			);
		};
/* End PBXProject section */

/* Begin PBXResourcesBuildPhase section */
		104667A21AACFC36007FD48E /* Resources */ = {
			isa = PBXResourcesBuildPhase;
			buildActionMask = 2147483647;
			files = (
				104667AF1AACFC36007FD48E /* Main.storyboard in Resources */,
				104667B41AACFC36007FD48E /* LaunchScreen.xib in Resources */,
				104667B11AACFC36007FD48E /* Images.xcassets in Resources */,
			);
			runOnlyForDeploymentPostprocessing = 0;
		};
		104667B71AACFC36007FD48E /* Resources */ = {
			isa = PBXResourcesBuildPhase;
			buildActionMask = 2147483647;
			files = (
			);
			runOnlyForDeploymentPostprocessing = 0;
		};
/* End PBXResourcesBuildPhase section */

/* Begin PBXSourcesBuildPhase section */
		104667A01AACFC36007FD48E /* Sources */ = {
			isa = PBXSourcesBuildPhase;
			buildActionMask = 2147483647;
			files = (
				104667AC1AACFC36007FD48E /* ViewController.swift in Sources */,
				104667AA1AACFC36007FD48E /* AppDelegate.swift in Sources */,
			);
			runOnlyForDeploymentPostprocessing = 0;
		};
		104667B51AACFC36007FD48E /* Sources */ = {
			isa = PBXSourcesBuildPhase;
			buildActionMask = 2147483647;
			files = (
				104667C01AACFC36007FD48E /* Click_counterTests.swift in Sources */,
			);
			runOnlyForDeploymentPostprocessing = 0;
		};
/* End PBXSourcesBuildPhase section */

/* Begin PBXTargetDependency section */
		104667BB1AACFC36007FD48E /* PBXTargetDependency */ = {
			isa = PBXTargetDependency;
			target = 104667A31AACFC36007FD48E /* Click counter */;
			targetProxy = 104667BA1AACFC36007FD48E /* PBXContainerItemProxy */;
		};
/* End PBXTargetDependency section */

/* Begin PBXVariantGroup section */
		104667AD1AACFC36007FD48E /* Main.storyboard */ = {
			isa = PBXVariantGroup;
			children = (
				104667AE1AACFC36007FD48E /* Base */,
			);
			name = Main.storyboard;
			sourceTree = "<group>";
		};
		104667B21AACFC36007FD48E /* LaunchScreen.xib */ = {
			isa = PBXVariantGroup;
			children = (
				104667B31AACFC36007FD48E /* Base */,
			);
			name = LaunchScreen.xib;
			sourceTree = "<group>";
		};
/* End PBXVariantGroup section */

/* Begin XCBuildConfiguration section */
		104667C11AACFC36007FD48E /* Debug */ = {
			isa = XCBuildConfiguration;
			buildSettings = {
				ALWAYS_SEARCH_USER_PATHS = NO;
				CLANG_CXX_LANGUAGE_STANDARD = "gnu++0x";
				CLANG_CXX_LIBRARY = "libc++";
				CLANG_ENABLE_MODULES = YES;
				CLANG_ENABLE_OBJC_ARC = YES;
				CLANG_WARN_BOOL_CONVERSION = YES;
				CLANG_WARN_CONSTANT_CONVERSION = YES;
				CLANG_WARN_DIRECT_OBJC_ISA_USAGE = YES_ERROR;
				CLANG_WARN_EMPTY_BODY = YES;
				CLANG_WARN_ENUM_CONVERSION = YES;
				CLANG_WARN_INT_CONVERSION = YES;
				CLANG_WARN_OBJC_ROOT_CLASS = YES_ERROR;
				CLANG_WARN_UNREACHABLE_CODE = YES;
				CLANG_WARN__DUPLICATE_METHOD_MATCH = YES;
				"CODE_SIGN_IDENTITY[sdk=iphoneos*]" = "iPhone Developer";
				COPY_PHASE_STRIP = NO;
				ENABLE_STRICT_OBJC_MSGSEND = YES;
				GCC_C_LANGUAGE_STANDARD = gnu99;
				GCC_DYNAMIC_NO_PIC = NO;
				GCC_OPTIMIZATION_LEVEL = 0;
				GCC_PREPROCESSOR_DEFINITIONS = (
					"DEBUG=1",
					"$(inherited)",
				);
				GCC_SYMBOLS_PRIVATE_EXTERN = NO;
				GCC_WARN_64_TO_32_BIT_CONVERSION = YES;
				GCC_WARN_ABOUT_RETURN_TYPE = YES_ERROR;
				GCC_WARN_UNDECLARED_SELECTOR = YES;
				GCC_WARN_UNINITIALIZED_AUTOS = YES_AGGRESSIVE;
				GCC_WARN_UNUSED_FUNCTION = YES;
				GCC_WARN_UNUSED_VARIABLE = YES;
				IPHONEOS_DEPLOYMENT_TARGET = 8.1;
				MTL_ENABLE_DEBUG_INFO = YES;
				ONLY_ACTIVE_ARCH = YES;
				SDKROOT = iphoneos;
				SWIFT_OPTIMIZATION_LEVEL = "-Onone";
			};
			name = Debug;
		};
		104667C21AACFC36007FD48E /* Release */ = {
			isa = XCBuildConfiguration;
			buildSettings = {
				ALWAYS_SEARCH_USER_PATHS = NO;
				CLANG_CXX_LANGUAGE_STANDARD = "gnu++0x";
				CLANG_CXX_LIBRARY = "libc++";
				CLANG_ENABLE_MODULES = YES;
				CLANG_ENABLE_OBJC_ARC = YES;
				CLANG_WARN_BOOL_CONVERSION = YES;
				CLANG_WARN_CONSTANT_CONVERSION = YES;
				CLANG_WARN_DIRECT_OBJC_ISA_USAGE = YES_ERROR;
				CLANG_WARN_EMPTY_BODY = YES;
				CLANG_WARN_ENUM_CONVERSION = YES;
				CLANG_WARN_INT_CONVERSION = YES;
				CLANG_WARN_OBJC_ROOT_CLASS = YES_ERROR;
				CLANG_WARN_UNREACHABLE_CODE = YES;
				CLANG_WARN__DUPLICATE_METHOD_MATCH = YES;
				"CODE_SIGN_IDENTITY[sdk=iphoneos*]" = "iPhone Developer";
				COPY_PHASE_STRIP = YES;
				ENABLE_NS_ASSERTIONS = NO;
				ENABLE_STRICT_OBJC_MSGSEND = YES;
				GCC_C_LANGUAGE_STANDARD = gnu99;
				GCC_WARN_64_TO_32_BIT_CONVERSION = YES;
				GCC_WARN_ABOUT_RETURN_TYPE = YES_ERROR;
				GCC_WARN_UNDECLARED_SELECTOR = YES;
				GCC_WARN_UNINITIALIZED_AUTOS = YES_AGGRESSIVE;
				GCC_WARN_UNUSED_FUNCTION = YES;
				GCC_WARN_UNUSED_VARIABLE = YES;
				IPHONEOS_DEPLOYMENT_TARGET = 8.1;
				MTL_ENABLE_DEBUG_INFO = NO;
				SDKROOT = iphoneos;
				VALIDATE_PRODUCT = YES;
			};
			name = Release;
		};
		104667C41AACFC36007FD48E /* Debug */ = {
			isa = XCBuildConfiguration;
			buildSettings = {
				ASSETCATALOG_COMPILER_APPICON_NAME = AppIcon;
				INFOPLIST_FILE = "Click counter/Info.plist";
				LD_RUNPATH_SEARCH_PATHS = "$(inherited) @executable_path/Frameworks";
				PRODUCT_NAME = "$(TARGET_NAME)";
			};
			name = Debug;
		};
		104667C51AACFC36007FD48E /* Release */ = {
			isa = XCBuildConfiguration;
			buildSettings = {
				ASSETCATALOG_COMPILER_APPICON_NAME = AppIcon;
				INFOPLIST_FILE = "Click counter/Info.plist";
				LD_RUNPATH_SEARCH_PATHS = "$(inherited) @executable_path/Frameworks";
				PRODUCT_NAME = "$(TARGET_NAME)";
			};
			name = Release;
		};
		104667C71AACFC36007FD48E /* Debug */ = {
			isa = XCBuildConfiguration;
			buildSettings = {
				BUNDLE_LOADER = "$(TEST_HOST)";
				FRAMEWORK_SEARCH_PATHS = (
					"$(SDKROOT)/Developer/Library/Frameworks",
					"$(inherited)",
				);
				GCC_PREPROCESSOR_DEFINITIONS = (
					"DEBUG=1",
					"$(inherited)",
				);
				INFOPLIST_FILE = "Click counterTests/Info.plist";
				LD_RUNPATH_SEARCH_PATHS = "$(inherited) @executable_path/Frameworks @loader_path/Frameworks";
				PRODUCT_NAME = "$(TARGET_NAME)";
				TEST_HOST = "$(BUILT_PRODUCTS_DIR)/Click counter.app/Click counter";
			};
			name = Debug;
		};
		104667C81AACFC36007FD48E /* Release */ = {
			isa = XCBuildConfiguration;
			buildSettings = {
				BUNDLE_LOADER = "$(TEST_HOST)";
				FRAMEWORK_SEARCH_PATHS = (
					"$(SDKROOT)/Developer/Library/Frameworks",
					"$(inherited)",
				);
				INFOPLIST_FILE = "Click counterTests/Info.plist";
				LD_RUNPATH_SEARCH_PATHS = "$(inherited) @executable_path/Frameworks @loader_path/Frameworks";
				PRODUCT_NAME = "$(TARGET_NAME)";
				TEST_HOST = "$(BUILT_PRODUCTS_DIR)/Click counter.app/Click counter";
			};
			name = Release;
		};
/* End XCBuildConfiguration section */

/* Begin XCConfigurationList section */
		1046679F1AACFC36007FD48E /* Build configuration list for PBXProject "Click counter" */ = {
			isa = XCConfigurationList;
			buildConfigurations = (
				104667C11AACFC36007FD48E /* Debug */,
				104667C21AACFC36007FD48E /* Release */,
			);
			defaultConfigurationIsVisible = 0;
			defaultConfigurationName = Release;
		};
		104667C31AACFC36007FD48E /* Build configuration list for PBXNativeTarget "Click counter" */ = {
			isa = XCConfigurationList;
			buildConfigurations = (
				104667C41AACFC36007FD48E /* Debug */,
				104667C51AACFC36007FD48E /* Release */,
			);
			defaultConfigurationIsVisible = 0;
		};
		104667C61AACFC36007FD48E /* Build configuration list for PBXNativeTarget "Click counterTests" */ = {
			isa = XCConfigurationList;
			buildConfigurations = (
				104667C71AACFC36007FD48E /* Debug */,
				104667C81AACFC36007FD48E /* Release */,
			);
			defaultConfigurationIsVisible = 0;
		};
/* End XCConfigurationList section */
	};
	rootObject = 1046679C1AACFC36007FD48E /* Project object */;
}
